{
    "_meta": {
        "hash": {
            "sha256": "0b68148dbe0319ff277924d8fc6803f905df47d2e17acfa30ea2126d41011d60"
        },
        "pipfile-spec": 6,
        "requires": {},
        "sources": [
            {
                "name": "pypi",
                "url": "https://pypi.org/simple",
                "verify_ssl": true
            }
        ]
    },
    "default": {
        "alembic": {
            "hashes": [
                "sha256:a5ed4adcf6d8a4cb575f3d759f071b03cd6e5c7618eb796cb52497be25bfe19a",
                "sha256:cb6e1fd84b6174ab8dbb2329f86d631ba9559dd78df550b57804d607672cedbc"
            ],
            "index": "pypi",
            "markers": "python_version >= '3.10'",
            "version": "==1.18.4"
        },
        "datetime": {
            "hashes": [
                "sha256:371dba07417b929a4fa685c2f7a3eaa6a62d60c02947831f97d4df9a9e70dfd0",
                "sha256:5cef605bab8259ff61281762cdf3290e459fbf0b4719951d5fab967d5f2ea0ea"
            ],
            "index": "pypi",
            "version": "==4.3"
        },
        "mako": {
            "hashes": [
                "sha256:8f61569480282dbf557145ce441e4ba888be453c30989f879f0d652e39f53ea9",
                "sha256:9f778e93289bd410bb35daadeb4fc66d95a746f0b75777b942088b7fd7af550a"
            ],
            "markers": "python_version >= '3.8'",
            "version": "==1.3.12"
        },
        "markupsafe": {
            "hashes": [
                "sha256:0303439a41979d9e74d18ff5e2dd8c43ed6c6001fd40e5bf2e43f7bd9bbc523f",
                "sha256:068f375c472b3e7acbe2d5318dea141359e6900156b5b2ba06a30b169086b91a",
                "sha256:0bf2a864d67e76e5c9a34dc26ec616a66b9888e25e7b9460e1c76d3293bd9dbf",
                "sha256:0db14f5dafddbb6d9208827849fad01f1a2609380add406671a26386cdf15a19",
                "sha256:0eb9ff8191e8498cca014656ae6b8d61f39da5f95b488805da4bb029cccbfbaf",
                "sha256:0f4b68347f8c5eab4a13419215bdfd7f8c9b19f2b25520968adfad23eb0ce60c",
                "sha256:1085e7fbddd3be5f89cc898938f42c0b3c711fdcb37d75221de2666af647c175",
                "sha256:116bb52f642a37c115f517494ea5feb03889e04df47eeff5b130b1808ce7c219",
                "sha256:12c63dfb4a98206f045aa9563db46507995f7ef6d83b2f68eda65c307c6829eb",
                "sha256:133a43e73a802c5562be9bbcd03d090aa5a1fe899db609c29e8c8d815c5f6de6",
                "sha256:1353ef0c1b138e1907ae78e2f6c63ff67501122006b0f9abad68fda5f4ffc6ab",
                "sha256:15d939a21d546304880945ca1ecb8a039db6b4dc49b2c5a400387cdae6a62e26",
                "sha256:177b5253b2834fe3678cb4a5f0059808258584c559193998be2601324fdeafb1",
                "sha256:1872df69a4de6aead3491198eaf13810b565bdbeec3ae2dc8780f14458ec73ce",
                "sha256:1b4b79e8ebf6b55351f0d91fe80f893b4743f104bff22e90697db1590e47a218",
                "sha256:1b52b4fb9df4eb9ae465f8d0c228a00624de2334f216f178a995ccdcf82c4634",
                "sha256:1ba88449deb3de88bd40044603fafffb7bc2b055d626a330323a9ed736661695",
                "sha256:1cc7ea17a6824959616c525620e387f6dd30fec8cb44f649e31712db02123dad",
                "sha256:218551f6df4868a8d527e3062d0fb968682fe92054e89978594c28e642c43a73",
                "sha256:26a5784ded40c9e318cfc2bdb30fe164bdb8665ded9cd64d500a34fb42067b1c",
                "sha256:2713baf880df847f2bece4230d4d094280f4e67b1e813eec43b4c0e144a34ffe",
                "sha256:2a15a08b17dd94c53a1da0438822d70ebcd13f8c3a95abe3a9ef9f11a94830aa",
                "sha256:2f981d352f04553a7171b8e44369f2af4055f888dfb147d55e42d29e29e74559",
                "sha256:32001d6a8fc98c8cb5c947787c5d08b0a50663d139f1305bac5885d98d9b40fa",
                "sha256:3524b778fe5cfb3452a09d31e7b5adefeea8c5be1d43c4f810ba09f2ceb29d37",
                "sha256:3537e01efc9d4dccdf77221fb1cb3b8e1a38d5428920e0657ce299b20324d758",
                "sha256:35add3b638a5d900e807944a078b51922212fb3dedb01633a8defc4b01a3c85f",
                "sha256:38664109c14ffc9e7437e86b4dceb442b0096dfe3541d7864d9cbe1da4cf36c8",
                "sha256:3a7e8ae81ae39e62a41ec302f972ba6ae23a5c5396c8e60113e9066ef893da0d",
                "sha256:3b562dd9e9ea93f13d53989d23a7e775fdfd1066c33494ff43f5418bc8c58a5c",
                "sha256:457a69a9577064c05a97c41f4e65148652db078a3a509039e64d3467b9e7ef97",
                "sha256:4bd4cd07944443f5a265608cc6aab442e4f74dff8088b0dfc8238647b8f6ae9a",
                "sha256:4e885a3d1efa2eadc93c894a21770e4bc67899e3543680313b09f139e149ab19",
                "sha256:4faffd047e07c38848ce017e8725090413cd80cbc23d86e55c587bf979e579c9",
                "sha256:509fa21c6deb7a7a273d629cf5ec029bc209d1a51178615ddf718f5918992ab9",
                "sha256:5678211cb9333a6468fb8d8be0305520aa073f50d17f089b5b4b477ea6e67fdc",
                "sha256:591ae9f2a647529ca990bc681daebdd52c8791ff06c2bfa05b65163e28102ef2",
                "sha256:5a7d5dc5140555cf21a6fefbdbf8723f06fcd2f63ef108f2854de715e4422cb4",
                "sha256:69c0b73548bc525c8cb9a251cddf1931d1db4d2258e9599c28c07ef3580ef354",
                "sha256:6b5420a1d9450023228968e7e6a9ce57f65d148ab56d2313fcd589eee96a7a50",
                "sha256:722695808f4b6457b320fdc131280796bdceb04ab50fe1795cd540799ebe1698",
                "sha256:729586769a26dbceff69f7a7dbbf59ab6572b99d94576a5592625d5b411576b9",
                "sha256:77f0643abe7495da77fb436f50f8dab76dbc6e5fd25d39589a0f1fe6548bfa2b",
                "sha256:795e7751525cae078558e679d646ae45574b47ed6e7771863fcc079a6171a0fc",
                "sha256:7be7b61bb172e1ed687f1754f8e7484f1c8019780f6f6b0786e76bb01c2ae115",
                "sha256:7c3fb7d25180895632e5d3148dbdc29ea38ccb7fd210aa27acbd1201a1902c6e",
                "sha256:7e68f88e5b8799aa49c85cd116c932a1ac15caaa3f5db09087854d218359e485",
                "sha256:83891d0e9fb81a825d9a6d61e3f07550ca70a076484292a70fde82c4b807286f",
                "sha256:8485f406a96febb5140bfeca44a73e3ce5116b2501ac54fe953e488fb1d03b12",
                "sha256:8709b08f4a89aa7586de0aadc8da56180242ee0ada3999749b183aa23df95025",
                "sha256:8f71bc33915be5186016f675cd83a1e08523649b0e33efdb898db577ef5bb009",
                "sha256:915c04ba3851909ce68ccc2b8e2cd691618c4dc4c4232fb7982bca3f41fd8c3d",
                "sha256:949b8d66bc381ee8b007cd945914c721d9aba8e27f71959d750a46f7c282b20b",
                "sha256:94c6f0bb423f739146aec64595853541634bde58b2135f27f61c1ffd1cd4d16a",
                "sha256:9a1abfdc021a164803f4d485104931fb8f8c1efd55bc6b748d2f5774e78b62c5",
                "sha256:9b79b7a16f7fedff2495d684f2b59b0457c3b493778c9eed31111be64d58279f",
                "sha256:a320721ab5a1aba0a233739394eb907f8c8da5c98c9181d1161e77a0c8e36f2d",
                "sha256:a4afe79fb3de0b7097d81da19090f4df4f8d3a2b3adaa8764138aac2e44f3af1",
                "sha256:ad2cf8aa28b8c020ab2fc8287b0f823d0a7d8630784c31e9ee5edea20f406287",
                "sha256:b8512a91625c9b3da6f127803b166b629725e68af71f8184ae7e7d54686a56d6",
                "sha256:bc51efed119bc9cfdf792cdeaa4d67e8f6fcccab66ed4bfdd6bde3e59bfcbb2f",
                "sha256:bdc919ead48f234740ad807933cdf545180bfbe9342c2bb451556db2ed958581",
                "sha256:bdd37121970bfd8be76c5fb069c7751683bdf373db1ed6c010162b2a130248ed",
                "sha256:be8813b57049a7dc738189df53d69395eba14fb99345e0a5994914a3864c8a4b",
                "sha256:c0c0b3ade1c0b13b936d7970b1d37a57acde9199dc2aecc4c336773e1d86049c",
                "sha256:c47a551199eb8eb2121d4f0f15ae0f923d31350ab9280078d1e5f12b249e0026",
                "sha256:c4ffb7ebf07cfe8931028e3e4c85f0357459a3f9f9490886198848f4fa002ec8",
                "sha256:ccfcd093f13f0f0b7fdd0f198b90053bf7b2f02a3927a30e63f3ccc9df56b676",
                "sha256:d2ee202e79d8ed691ceebae8e0486bd9a2cd4794cec4824e1c99b6f5009502f6",
                "sha256:d53197da72cc091b024dd97249dfc7794d6a56530370992a5e1a08983ad9230e",
                "sha256:d6dd0be5b5b189d31db7cda48b91d7e0a9795f31430b7f271219ab30f1d3ac9d",
                "sha256:d88b440e37a16e651bda4c7c2b930eb586fd15ca7406cb39e211fcff3bf3017d",
                "sha256:de8a88e63464af587c950061a5e6a67d3632e36df62b986892331d4620a35c01",
                "sha256:df2449253ef108a379b8b5d6b43f4b1a8e81a061d6537becd5582fba5f9196d7",
                "sha256:e1c1493fb6e50ab01d20a22826e57520f1284df32f2d8601fdd90b6304601419",
                "sha256:e1cf1972137e83c5d4c136c43ced9ac51d0e124706ee1c8aa8532c1287fa8795",
                "sha256:e2103a929dfa2fcaf9bb4e7c091983a49c9ac3b19c9061b6d5427dd7d14d81a1",
                "sha256:e56b7d45a839a697b5eb268c82a71bd8c7f6c94d6fd50c3d577fa39a9f1409f5",
                "sha256:e8afc3f2ccfa24215f8cb28dcf43f0113ac3c37c2f0f0806d8c70e4228c5cf4d",
                "sha256:e8fc20152abba6b83724d7ff268c249fa196d8259ff481f3b1476383f8f24e42",
                "sha256:eaa9599de571d72e2daf60164784109f19978b327a3910d3e9de8c97b5b70cfe",
                "sha256:ec15a59cf5af7be74194f7ab02d0f59a62bdcf1a537677ce67a2537c9b87fcda",
                "sha256:f190daf01f13c72eac4efd5c430a8de82489d9cff23c364c3ea822545032993e",
                "sha256:f34c41761022dd093b4b6896d4810782ffbabe30f2d443ff5f083e0cbbb8c737",
                "sha256:f3e98bb3798ead92273dc0e5fd0f31ade220f59a266ffd8a4f6065e0a3ce0523",
                "sha256:f42d0984e947b8adf7dd6dde396e720934d12c506ce84eea8476409563607591",
                "sha256:f71a396b3bf33ecaa1626c255855702aca4d3d9fea5e051b41ac59a9c1c41edc",
                "sha256:f9e130248f4462aaa8e2552d547f36ddadbeaa573879158d721bbd33dfe4743a",
                "sha256:fed51ac40f757d41b7c48425901843666a6677e3e8eb0abcff09e4ba6e664f50"
            ],
            "markers": "python_version >= '3.9'",
            "version": "==3.0.3"
        },
        "psycopg2": {
            "hashes": [
                "sha256:103e857f46bb76908768ead4e2d0ba1d1a130e7b8ed77d3ae91e8b33481813e8",
                "sha256:210daed32e18f35e3140a1ebe059ac29209dd96468f2f7559aa59f75ee82a5cb",
                "sha256:6ecddcf573777536bddfefaea8079ce959287798c8f5804bee6933635d538924",
                "sha256:8dc379166b5b7d5ea66dcebf433011dfc51a7bb8a5fc12367fa05668e5fc53c8",
                "sha256:964d31caf728e217c697ff77ea69c2ba0865fa41ec20bb00f0977e62fdcc52e3",
                "sha256:e03e4a6dbe87ff81540b434f2e5dc2bddad10296db5eea7bdc995bf5f4162938",
                "sha256:f10a48acba5fe6e312b891f290b4d2ca595fc9a06850fe53320beac353575578"
            ],
            "index": "pypi",
            "markers": "python_version >= '3.9'",
            "version": "==2.9.11"
        },
        "python-dateutil": {
            "hashes": [
                "sha256:0123cacc1627ae19ddf3c27a5de5bd67ee4586fbdd6440d9748f8abb483d3e86",
                "sha256:961d03dc3453ebbc59dbdea9e4e11c5651520a876d0f4db161e8674aae935da9"
            ],
            "index": "pypi",
            "markers": "python_version >= '2.7' and python_version not in '3.0, 3.1, 3.2'",
            "version": "==2.8.2"
        },
        "pytz": {
            "hashes": [
                "sha256:04156e608bee23d3792fd45c94ae47fae1036688e75032eea2e3bf0323d1f126",
                "sha256:0e60b47b29f21574376f218fe21abc009894a2321ea16c6754f3cad6eb7cdd6a"
            ],
            "version": "==2026.2"
        },
        "ruff": {
            "hashes": [
                "sha256:0d9ab6ad16742eb78919e0fba09f914f042409df40ad63423c34bb20d350162a",
                "sha256:1d2a60c102e7a5e147b58fc2cbea12a563c565383effc527c987ea2086a05742",
                "sha256:2933cc9631f453305399c7b8fb72b113ad76b49ae1d7103cc4afd3a423bed164",
                "sha256:45866048d1dcdcc80855998cb26c4b2b05881f9e043d2e3bfe1aa36d9a2e8f28",
                "sha256:5473a4c6cac34f583bff08c5f63b8def5599a0ea4dc96c0302fbd2cc0b3ecbad",
                "sha256:5977ce304da35c263f5e082901bd7ac0bd2be845a8fcfd1a29e4d6680cddb307",
                "sha256:6c48926156288b8ac005eb1db5e77c15e8a37309ae49d9fb6771d5cf5f777590",
                "sha256:72a087712d474fa17b915d7cb9ef807e1256182b12ddfafb105eb00aeee48d1a",
                "sha256:72a3a0936369b986b0e959f9090206ed3c18f9e5e439ea5b8e6867c6707aded5",
                "sha256:770c5eb6376de024111443022cda534fb28980a9dd3b4abc83992a8770167ba6",
                "sha256:7ce67736cd8dfe97162d1e7adfc2d9a1bac0efb9aaaff32e4042c7cde079f54b",
                "sha256:80effdf4fe69763d69eb4ab9443e186fd09e668b59fe70ba4b49f4c077d15a1b",
                "sha256:a8c6ad6b9cd77489bf6d1510950cbbe47a843aa234adff0960bae64bd06c3b6d",
                "sha256:b02aae62f922d088bb01943e1dbd861688ada13d735b78b8348a7d90121fd292",
                "sha256:de44fbc6c3b25fccee473ddf851416fd4e246fc6027b2197c395b1b3b3897921",
                "sha256:e6b1c961d608d373a032f047a20bf3c55ad05f56c32e7b96dcca0830a2a72348",
                "sha256:f572c4296d8c7ddd22c3204de4031965be524fdd1fdaaef273945932912b28c5"
            ],
            "index": "pypi",
            "markers": "python_version >= '3.7'",
            "version": "==0.0.285"
        },
        "six": {
            "hashes": [
                "sha256:4721f391ed90541fddacab5acf947aa0d3dc7d27b2e1e8eda2be8970586c3274",
                "sha256:ff70335d468e7eb6ec65b95b99d3a2836546063f63acc5171de367e834932a81"
            ],
            "markers": "python_version >= '2.7' and python_version not in '3.0, 3.1, 3.2'",
            "version": "==1.17.0"
        },
        "sqlalchemy": {
            "hashes": [
                "sha256:01146546d84185f12721a1d2ce0c6673451a7894d1460b592d378ca4871a0c72",
                "sha256:059d7151fff513c53a4638da8778be7fce81a0c4854c7348ebd0c4078ddf28fe",
                "sha256:0c98c59075b890df8abfcc6ad632879540f5791c68baebacb4f833713b510e75",
                "sha256:0f2fa354ba106eafff2c14b0cc51f22801d1e8b2e4149342023bd6f0955de5f5",
                "sha256:12b04d1db2663b421fe072d638a138460a51d5a862403295671c4f3987fb9148",
                "sha256:22d8798819f86720bc646ab015baff5ea4c971d68121cb36e2ebc2ee43ead2b7",
                "sha256:233088b4b99ebcbc5258c755a097aa52fbf90727a03a5a80781c4b9c54347a2e",
                "sha256:24bd94bb301ec672d8f0623eba9226cc90d775d25a0c92b5f8e4965d7f3a1518",
                "sha256:275424295f4256fd301744b8f335cff367825d270f155d522b30c7bf49903ee7",
                "sha256:32fe6a41ad97302db2931f05bb91abbcc65b5ce4c675cd44b972428dd2947700",
                "sha256:334edbcff10514ad1d66e3a70b339c0a29886394892490119dbb669627b17717",
                "sha256:3bb9ec6436a820a4c006aad1ac351f12de2f2dbdaad171692ee457a02429b672",
                "sha256:3ddcb27fb39171de36e207600116ac9dfd4ae46f86c82a9bf3934043e80ebb88",
                "sha256:42e8804962f9e6f4be2cbaedc0c3718f08f60a16910fa3d86da5a1e3b1bfe60f",
                "sha256:43d044780732d9e0381ac8d5316f95d7f02ef04d6e4ef6dc82379f09795d993f",
                "sha256:46796877b47034b559a593d7e4b549aba151dae73f9e78212a3478161c12ab08",
                "sha256:46d51518d53edfbe0563662c96954dc8fcace9832332b914375f45a99b77cc9a",
                "sha256:47604cb2159f8bbd5a1ab48a714557156320f20871ee64d550d8bf2683d980d3",
                "sha256:4bbccb45260e4ff1b7db0be80a9025bb1e6698bdb808b83fff0000f7a90b2c0b",
                "sha256:4d4e5a0ceba319942fa6b585cf82539288a61e314ef006c1209f734551ab9536",
                "sha256:55250fe61d6ebfd6934a272ee16ef1244e0f16b7af6cd18ab5b1fc9f08631db0",
                "sha256:566df36fd0e901625523a5a1835032f1ebdd7f7886c54584143fa6c668b4df3b",
                "sha256:57ca426a48eb2c682dae8204cd89ea8ab7031e2675120a47924fabc7caacbc2a",
                "sha256:5e61abbec255be7b122aa461021daa7c3f310f3e743411a67079f9b3cc91ece3",
                "sha256:618a308215b6cececb6240b9abde545e3acdabac7ae3e1d4e666896bf5ba44b4",
                "sha256:62557958002b69699bdb7f5137c6714ca1133f045f97b3903964f47db97ea339",
                "sha256:6270d717b11c5476b0cbb21eedc8d4dbb7d1a956fd6c15a23e96f197a6193158",
                "sha256:685e93e9c8f399b0c96a624799820176312f5ceef958c0f88215af4013d29066",
                "sha256:69469ce8ce7a8df4d37620e3163b71238719e1e2e5048d114a1b6ce0fbf8c662",
                "sha256:6eb188b84269f357669b62cb576b5b918de10fb7c728a005fa0ebb0b758adce1",
                "sha256:74ab4ee7794d7ed1b0c37e7333640e0f0a626fc7b398c07a7aef52f484fddde3",
                "sha256:77641d299179c37b89cf2343ca9972c88bb6eef0d5fc504a2f86afd15cd5adf5",
                "sha256:7c821c47ecfe05cc32140dcf8dc6fd5d21971c86dbd56eabfe5ba07a64910c01",
                "sha256:7d6be30b2a75362325176c036d7fb8d19e8846c77e87683ffaa8177b35135613",
                "sha256:7f605a456948c35260e7b2a39f8952a26f077fd25653c37740ed186b90aaa68a",
                "sha256:83101a6930332b87653886c01d1ee7e294b1fe46a07dd9a2d2b4f91bcc88eec0",
                "sha256:88690f4e1f0fbf5339bedbb127e240fec1fd3070e9934c0b7bef83432f779d2f",
                "sha256:8a97ac839c2c6672c4865e48f3cbad7152cee85f4233fb4ca6291d775b9b954a",
                "sha256:8d6efc136f44a7e8bc8088507eaabbb8c2b55b3dbb63fe102c690da0ddebe55e",
                "sha256:8e20e511dc15265fb433571391ba313e10dd8ea7e509d51686a51313b4ac01a2",
                "sha256:951d4a210744813be63019f3df343bf233b7432aadf0db54c75802247330d3af",
                "sha256:9ac7a3e245fd0310fd31495eb61af772e637bdf7d88ee81e7f10a3f271bff014",
                "sha256:9b1c058c171b739e7c330760044803099c7fff11511e3ab3573e5327116a9c33",
                "sha256:9c04bff9a5335eb95c6ecf1c117576a0aa560def274876fd156cfe5510fccc61",
                "sha256:9c4969a86e41454f2858256c39bdfb966a20961e9b58bf8749b65abf447e9a8d",
                "sha256:9e0400fa22f79acc334d9a6b185dc00a44a8e6578aa7e12d0ddcd8434152b187",
                "sha256:a05977bffe9bffd2229f477fa75eabe3192b1b05f408961d1bebff8d1cd4d401",
                "sha256:a143af2ea6672f2af3f44ed8f9cd020e9cc34c56f0e8db12019d5d9ecf41cb3b",
                "sha256:a51d3db74ba489266ef55c7a4534eb0b8db9a326553df481c11e5d7660c8364d",
                "sha256:b95b2f470c1b2683febd2e7eab1d3f0e078c91dbdd0b00e9c645d07a413bb99f",
                "sha256:b9870d15ef00e4d0559ae10ee5bc71b654d1f20076dbe8bc7ed19b4c0625ceba",
                "sha256:c1dc3368794d522f43914e03312202523cc89692f5389c32bea0233924f8d977",
                "sha256:c338ec6ec01c0bc8e735c58b9f5d51e75bacb6ff23296658826d7cfdfdb8678a",
                "sha256:c5070135e1b7409c4161133aa525419b0062088ed77c92b1da95366ec5cbebbe",
                "sha256:cc992c6ed024c8c3c592c5fc9846a03dd68a425674900c70122c77ea16c5fb0b",
                "sha256:d15950a57a210e36dd4cec1aac22787e2a4d57ba9318233e2ef8b2daf9ff2d5f",
                "sha256:d898cc2c76c135ef65517f4ddd7a3512fb41f23087b0650efb3418b8389a3cd1",
                "sha256:d99945830a6f3e9638d89a28ed130b1eb24c91255e4f24366fbe699b983f29e4",
                "sha256:da9b91bca419dc9b9267ffadde24eae9b1a6bffcd09d0a207e5e3af99a03ce0d",
                "sha256:df2d441bacf97022e81ad047e1597552eb3f83ca8a8f1a1fdd43cd7fe3898120",
                "sha256:e06e617e3d4fd9e51d385dfe45b077a41e9d1b033a7702551e3278ac597dc750",
                "sha256:ec44cfa7ef1a728e88ad41674de50f6db8cfdb3e2af84af86e0041aaf02d43d0",
                "sha256:fb37f15714ec2652d574f021d479e78cd4eb9d04396dca36568fdfffb3487982"
            ],
            "index": "pypi",
            "markers": "python_version >= '3.7'",
            "version": "==2.0.49"
        },
        "typing-extensions": {
            "hashes": [
                "sha256:0cea48d173cc12fa28ecabc3b837ea3cf6f38c6d1136f85cbaaf598984861466",
                "sha256:f0fa19c6845758ab08074a0cfa8b7aecb71c999ca73d62883bc25cc018c4e548"
            ],
            "markers": "python_version >= '3.9'",
            "version": "==4.15.0"
        },
        "zope.interface": {
            "hashes": [
                "sha256:049ba3c7b38cc400ae08e011617635706e0f442e1d075db1b015246fcbf6091e",
                "sha256:04c2c9b58e9c177628715d85e94834efa807c1f9f0a2f57ae0f7b553e8266ac4",
                "sha256:0d88c1f106a4f06e074a3ada2d20f4a602e3f2871c4f55726ed5d91e94ec19b1",
                "sha256:265bad2df2ec070f23ff863249a89b408b11908fd4207662781fd18e3c6fc912",
                "sha256:29f09ec8bda65f7b30294328070070a2590b90f252f834ee0817cdb0e2c35f6a",
                "sha256:2bc388cebcb753d21eaf2a0481fd6f0ce6840a47300a40dcec0b56bac27d0f97",
                "sha256:2e9e4aa33b76877af903d5532545e64d24ade0f6f80d9d1a31e6efcea76a60bc",
                "sha256:36c575356732d59ffd3279ad67e302a6fe517e67db5b061b36b377ee0fa016c4",
                "sha256:376d0ef005a131b349e2088e302aa094fa23c826d2ec8a7db4b00fb33c71e0d9",
                "sha256:3e5866917ccb57d929e515a1136d729bd3fa4f367965fb16e38a4bc72cb05521",
                "sha256:415de524326ddd61a78f0816f65942fa1aa35dced19e72579ad30dd106ce523e",
                "sha256:4713bf651ec36e7eea49d2ace4f0e89bec2b33a339674874b1121f2537edc62a",
                "sha256:4ae6a1e111642dbf724f635424dcaf5a5c8abbde49eac3f452f5323ffaa10232",
                "sha256:5ec1a56b6cf9a757cbbce9da38284a01473b92b96c1517eabd99150f51f1bb69",
                "sha256:7cbb887fdbfaacb4c362dbb487033551646e28013ad5ffe72e96eb260003a1a1",
                "sha256:81ed23698bfb588c48b1756129814b890febac971ff6c8a414f82601773145bb",
                "sha256:84064876ed96ddd0744e3ad5d37134c758d77885e54113567792671405a02bac",
                "sha256:8544081e32b515bbaf1c6339eef06b23ed470cf4876ff2f575803f82a744cc43",
                "sha256:892b4b5350e58d6914858f58eb85d39fe9b992640ac6ece695f46c978046554d",
                "sha256:8b302f955c36e924e1f4fe70dd9105ff06235857861c6ae72c3b10b016aeee99",
                "sha256:8b733af6e89a2b0b8edf5ff7a37988fe4e1788806e84e72127b88c47858f0da6",
                "sha256:8d683267a6243526869cb69677dcfc663416d5f87904c1576ddec6e420687d51",
                "sha256:9c4ac009c2c8e43283842f80387c4d4b41bcbc293391c3b9ab71532ae1ccc301",
                "sha256:9dbee7925a23aa6349738892c911019d4095a96cff487b743482073ecbc174a8",
                "sha256:a5638c6be715116d3453e6d099c299c6844d54810de7445ce116424e905ede06",
                "sha256:b8147b40bfcd53803870a9519e0879ff066aeecc2fcff8295663c1b17fc38dc2",
                "sha256:caffd033b27e311b45e15f01923cc9e73c6bfd8e843b4532e29b59ee432bf893",
                "sha256:cd55965d715413038774aead54851bc3dbdd74a69f3ce30252182a94407b9905",
                "sha256:d934497c4b72d5f528d2b5ebe9b8b5a7004b5877948ebd4ea00c2432fb27178f",
                "sha256:e0b9d7e958657fad414f8272afcdf0b8a873fbbb2bb6a6287232d2f11a232bf8",
                "sha256:e195e76767847afb5379ffd67690c17d3c6efdab58dc0e477cf81ac94d5a5a15",
                "sha256:eef0a49e041f4dc4d2a6ab894b4fd0c5354e0e8037e731fb953531e59b0d3d33",
                "sha256:f00fd65343d2a241a2b17688a12f5e815aa704ed64f9ca375de5f9e0ae9c9bda",
                "sha256:f1f854bef8bc137519e4413bcc1322d55faad28b20b3ca39f7bec49d2f1b26df",
                "sha256:fa0a26d5767087170b3da9ff503221d535ea266bf61b522d0afa2590fd05db0a"
            ],
            "markers": "python_version >= '3.10'",
            "version": "==8.4"
        }
    },
    "develop": {
        "iniconfig": {
            "hashes": [
                "sha256:c76315c77db068650d49c5b56314774a7804df16fee4402c1f19d6d15d8c4730",
                "sha256:f631c04d2c48c52b84d0d0549c99ff3859c98df65b3101406327ecc7d53fbf12"
            ],
            "markers": "python_version >= '3.10'",
            "version": "==2.3.0"
        },
        "packaging": {
            "hashes": [
                "sha256:5fc45236b9446107ff2415ce77c807cee2862cb6fac22b8a73826d0693b0980e",
                "sha256:ff452ff5a3e828ce110190feff1178bb1f2ea2281fa2075aadb987c2fb221661"
            ],
            "markers": "python_version >= '3.8'",
            "version": "==26.2"
        },
        "pluggy": {
            "hashes": [
                "sha256:7dcc130b76258d33b90f61b658791dede3486c3e6bfb003ee5c9bfb396dd22f3",
                "sha256:e920276dd6813095e9377c0bc5566d94c932c33b27a3e3945d8389c374dd4746"
            ],
            "markers": "python_version >= '3.9'",
            "version": "==1.6.0"
        },
        "pygments": {
            "hashes": [
                "sha256:6757cd03768053ff99f3039c1a36d6c0aa0b263438fcab17520b30a303a82b5f",
                "sha256:81a9e26dd42fd28a23a2d169d86d7ac03b46e2f8b59ed4698fb4785f946d0176"
            ],
            "markers": "python_version >= '3.9'",
            "version": "==2.20.0"
        },
        "pytest": {
            "hashes": [
                "sha256:2c5efc453d45394fdd706ade797c0a81091eccd1d6e4bccfcd476e2b8e0ab5d9",
                "sha256:b86ada508af81d19edeb213c681b1d48246c1a91d304c6c81a427674c17eb91c"
            ],
            "index": "pypi",
            "markers": "python_version >= '3.10'",
            "version": "==9.0.3"
        }
    }
}
